
Microsoft Visual Studio Solution File, Format Version 12.00
# Visual Studio Version 17
VisualStudioVersion = 17.1.32421.90
MinimumVisualStudioVersion = 10.0.40219.1
Project("{FAE04EC0-301F-11D3-BF4B-00C04F79EFBC}") = "Vocare", "Vocare\Vocare.csproj", "{A723B723-72AE-49A1-9EC4-78DA5212FC38}"
EndProject
Project("{FAE04EC0-301F-11D3-BF4B-00C04F79EFBC}") = "Vocare.Data", "Vocare.Data\Vocare.Data.csproj", "{70E34E18-1ACE-423E-B098-C737CD608F09}"
EndProject
Global
	GlobalSection(SolutionConfigurationPlatforms) = preSolution
		Debug|Any CPU = Debug|Any CPU
		Release|Any CPU = Release|Any CPU
	EndGlobalSection
	GlobalSection(ProjectConfigurationPlatforms) = postSolution
		{A723B723-72AE-49A1-9EC4-78DA5212FC38}.Debug|Any CPU.ActiveCfg = Debug|Any CPU
		{A723B723-72AE-49A1-9EC4-78DA5212FC38}.Debug|Any CPU.Build.0 = Debug|Any CPU
		{A723B723-72AE-49A1-9EC4-78DA5212FC38}.Release|Any CPU.ActiveCfg = Release|Any CPU
		{A723B723-72AE-49A1-9EC4-78DA5212FC38}.Release|Any CPU.Build.0 = Release|Any CPU
		{70E34E18-1ACE-423E-B098-C737CD608F09}.Debug|Any CPU.ActiveCfg = Debug|Any CPU
		{70E34E18-1ACE-423E-B098-C737CD608F09}.Debug|Any CPU.Build.0 = Debug|Any CPU
		{70E34E18-1ACE-423E-B098-C737CD608F09}.Release|Any CPU.ActiveCfg = Release|Any CPU
		{70E34E18-1ACE-423E-B098-C737CD608F09}.Release|Any CPU.Build.0 = Release|Any CPU
	EndGlobalSection
	GlobalSection(SolutionProperties) = preSolution
		HideSolutionNode = FALSE
	EndGlobalSection
	GlobalSection(ExtensibilityGlobals) = postSolution
		SolutionGuid = {19FCE3DD-37B7-443B-B4D6-232A6E0A9336}
	EndGlobalSection
EndGlobal
